// !$*UTF8*$!
{
	archiveVersion = 1;
	classes = {
	};
	objectVersion = 55;
	objects = {

/* Begin PBXBuildFile section */
		D467160127578B410041DD14 /* AppDelegate.swift in Sources */ = {isa = PBXBuildFile; fileRef = D467160027578B410041DD14 /* AppDelegate.swift */; };
		D467160A27578B440041DD14 /* Assets.xcassets in Resources */ = {isa = PBXBuildFile; fileRef = D467160927578B440041DD14 /* Assets.xcassets */; };
		D467160D27578B440041DD14 /* LaunchScreen.storyboard in Resources */ = {isa = PBXBuildFile; fileRef = D467160B27578B440041DD14 /* LaunchScreen.storyboard */; };
		D467161827578B440041DD14 /* SpaceXLaunchesTests.swift in Sources */ = {isa = PBXBuildFile; fileRef = D467161727578B440041DD14 /* SpaceXLaunchesTests.swift */; };
		D467162227578B440041DD14 /* SpaceXLaunchesUITests.swift in Sources */ = {isa = PBXBuildFile; fileRef = D467162127578B440041DD14 /* SpaceXLaunchesUITests.swift */; };
		D467162427578B440041DD14 /* SpaceXLaunchesUITestsLaunchTests.swift in Sources */ = {isa = PBXBuildFile; fileRef = D467162327578B440041DD14 /* SpaceXLaunchesUITestsLaunchTests.swift */; };
		D4671632275791D00041DD14 /* AppCoordinator.swift in Sources */ = {isa = PBXBuildFile; fileRef = D4671631275791D00041DD14 /* AppCoordinator.swift */; };
		D4671634275791EE0041DD14 /* AppNavigationController.swift in Sources */ = {isa = PBXBuildFile; fileRef = D4671633275791EE0041DD14 /* AppNavigationController.swift */; };
		D4671638275792200041DD14 /* LaunchesListController.swift in Sources */ = {isa = PBXBuildFile; fileRef = D4671636275792200041DD14 /* LaunchesListController.swift */; };
		D4671639275792200041DD14 /* LaunchesListViewModel.swift in Sources */ = {isa = PBXBuildFile; fileRef = D4671637275792200041DD14 /* LaunchesListViewModel.swift */; };
		D467163D275792680041DD14 /* LaunchDetailsViewModel.swift in Sources */ = {isa = PBXBuildFile; fileRef = D467163B275792680041DD14 /* LaunchDetailsViewModel.swift */; };
		D467163E275792680041DD14 /* LaunchDetailsController.swift in Sources */ = {isa = PBXBuildFile; fileRef = D467163C275792680041DD14 /* LaunchDetailsController.swift */; };
		D4671641275792860041DD14 /* ApiService.swift in Sources */ = {isa = PBXBuildFile; fileRef = D4671640275792860041DD14 /* ApiService.swift */; };
		D46716462757929D0041DD14 /* Coordinator.swift in Sources */ = {isa = PBXBuildFile; fileRef = D46716432757929D0041DD14 /* Coordinator.swift */; };
		D46716472757929D0041DD14 /* DeepLink.swift in Sources */ = {isa = PBXBuildFile; fileRef = D46716442757929D0041DD14 /* DeepLink.swift */; };
		D46716482757929D0041DD14 /* Router.swift in Sources */ = {isa = PBXBuildFile; fileRef = D46716452757929D0041DD14 /* Router.swift */; };
		D467164B275792AD0041DD14 /* UIColor.swift in Sources */ = {isa = PBXBuildFile; fileRef = D467164A275792AD0041DD14 /* UIColor.swift */; };
		D467164D2757B19A0041DD14 /* UITableView.swift in Sources */ = {isa = PBXBuildFile; fileRef = D467164C2757B19A0041DD14 /* UITableView.swift */; };
		D467164F2757B1BB0041DD14 /* UIView.swift in Sources */ = {isa = PBXBuildFile; fileRef = D467164E2757B1BB0041DD14 /* UIView.swift */; };
		D46716522757B1F60041DD14 /* LaunchCell.swift in Sources */ = {isa = PBXBuildFile; fileRef = D46716512757B1F60041DD14 /* LaunchCell.swift */; };
		D46716542757B2410041DD14 /* UILabel.swift in Sources */ = {isa = PBXBuildFile; fileRef = D46716532757B2410041DD14 /* UILabel.swift */; };
		D46716562757B2920041DD14 /* UIFont.swift in Sources */ = {isa = PBXBuildFile; fileRef = D46716552757B2920041DD14 /* UIFont.swift */; };
		D467165B2757D0660041DD14 /* Apollo in Frameworks */ = {isa = PBXBuildFile; productRef = D467165A2757D0660041DD14 /* Apollo */; };
		D467165D2757D1000041DD14 /* schema.json in Resources */ = {isa = PBXBuildFile; fileRef = D467165C2757D1000041DD14 /* schema.json */; };
		D467165F2757D2B80041DD14 /* Queries.graphql in Resources */ = {isa = PBXBuildFile; fileRef = D467165E2757D2B80041DD14 /* Queries.graphql */; };
		D46716612757D36B0041DD14 /* API.swift in Sources */ = {isa = PBXBuildFile; fileRef = D46716602757D36B0041DD14 /* API.swift */; };
		D46716632757EC700041DD14 /* Date.swift in Sources */ = {isa = PBXBuildFile; fileRef = D46716622757EC700041DD14 /* Date.swift */; };
		D46716652757ED410041DD14 /* String.swift in Sources */ = {isa = PBXBuildFile; fileRef = D46716642757ED410041DD14 /* String.swift */; };
		D46716672757F2910041DD14 /* UIImageView.swift in Sources */ = {isa = PBXBuildFile; fileRef = D46716662757F2910041DD14 /* UIImageView.swift */; };
		D46716692757F3400041DD14 /* ImageLoader.swift in Sources */ = {isa = PBXBuildFile; fileRef = D46716682757F3400041DD14 /* ImageLoader.swift */; };
/* End PBXBuildFile section */

/* Begin PBXContainerItemProxy section */
		D467161427578B440041DD14 /* PBXContainerItemProxy */ = {
			isa = PBXContainerItemProxy;
			containerPortal = D46715F527578B410041DD14 /* Project object */;
			proxyType = 1;
			remoteGlobalIDString = D46715FC27578B410041DD14;
			remoteInfo = SpaceXLaunches;
		};
		D467161E27578B440041DD14 /* PBXContainerItemProxy */ = {
			isa = PBXContainerItemProxy;
			containerPortal = D46715F527578B410041DD14 /* Project object */;
			proxyType = 1;
			remoteGlobalIDString = D46715FC27578B410041DD14;
			remoteInfo = SpaceXLaunches;
		};
/* End PBXContainerItemProxy section */

/* Begin PBXFileReference section */
		D46715FD27578B410041DD14 /* SpaceXLaunches.app */ = {isa = PBXFileReference; explicitFileType = wrapper.application; includeInIndex = 0; path = SpaceXLaunches.app; sourceTree = BUILT_PRODUCTS_DIR; };
		D467160027578B410041DD14 /* AppDelegate.swift */ = {isa = PBXFileReference; lastKnownFileType = sourcecode.swift; path = AppDelegate.swift; sourceTree = "<group>"; };
		D467160927578B440041DD14 /* Assets.xcassets */ = {isa = PBXFileReference; lastKnownFileType = folder.assetcatalog; path = Assets.xcassets; sourceTree = "<group>"; };
		D467160C27578B440041DD14 /* Base */ = {isa = PBXFileReference; lastKnownFileType = file.storyboard; name = Base; path = Base.lproj/LaunchScreen.storyboard; sourceTree = "<group>"; };
		D467160E27578B440041DD14 /* Info.plist */ = {isa = PBXFileReference; lastKnownFileType = text.plist.xml; path = Info.plist; sourceTree = "<group>"; };
		D467161327578B440041DD14 /* SpaceXLaunchesTests.xctest */ = {isa = PBXFileReference; explicitFileType = wrapper.cfbundle; includeInIndex = 0; path = SpaceXLaunchesTests.xctest; sourceTree = BUILT_PRODUCTS_DIR; };
		D467161727578B440041DD14 /* SpaceXLaunchesTests.swift */ = {isa = PBXFileReference; lastKnownFileType = sourcecode.swift; path = SpaceXLaunchesTests.swift; sourceTree = "<group>"; };
		D467161D27578B440041DD14 /* SpaceXLaunchesUITests.xctest */ = {isa = PBXFileReference; explicitFileType = wrapper.cfbundle; includeInIndex = 0; path = SpaceXLaunchesUITests.xctest; sourceTree = BUILT_PRODUCTS_DIR; };
		D467162127578B440041DD14 /* SpaceXLaunchesUITests.swift */ = {isa = PBXFileReference; lastKnownFileType = sourcecode.swift; path = SpaceXLaunchesUITests.swift; sourceTree = "<group>"; };
		D467162327578B440041DD14 /* SpaceXLaunchesUITestsLaunchTests.swift */ = {isa = PBXFileReference; lastKnownFileType = sourcecode.swift; path = SpaceXLaunchesUITestsLaunchTests.swift; sourceTree = "<group>"; };
		D4671631275791D00041DD14 /* AppCoordinator.swift */ = {isa = PBXFileReference; lastKnownFileType = sourcecode.swift; path = AppCoordinator.swift; sourceTree = "<group>"; };
		D4671633275791EE0041DD14 /* AppNavigationController.swift */ = {isa = PBXFileReference; lastKnownFileType = sourcecode.swift; path = AppNavigationController.swift; sourceTree = "<group>"; };
		D4671636275792200041DD14 /* LaunchesListController.swift */ = {isa = PBXFileReference; fileEncoding = 4; lastKnownFileType = sourcecode.swift; path = LaunchesListController.swift; sourceTree = "<group>"; };
		D4671637275792200041DD14 /* LaunchesListViewModel.swift */ = {isa = PBXFileReference; fileEncoding = 4; lastKnownFileType = sourcecode.swift; path = LaunchesListViewModel.swift; sourceTree = "<group>"; };
		D467163B275792680041DD14 /* LaunchDetailsViewModel.swift */ = {isa = PBXFileReference; fileEncoding = 4; lastKnownFileType = sourcecode.swift; path = LaunchDetailsViewModel.swift; sourceTree = "<group>"; };
		D467163C275792680041DD14 /* LaunchDetailsController.swift */ = {isa = PBXFileReference; fileEncoding = 4; lastKnownFileType = sourcecode.swift; path = LaunchDetailsController.swift; sourceTree = "<group>"; };
		D4671640275792860041DD14 /* ApiService.swift */ = {isa = PBXFileReference; fileEncoding = 4; lastKnownFileType = sourcecode.swift; path = ApiService.swift; sourceTree = "<group>"; };
		D46716432757929D0041DD14 /* Coordinator.swift */ = {isa = PBXFileReference; fileEncoding = 4; lastKnownFileType = sourcecode.swift; path = Coordinator.swift; sourceTree = "<group>"; };
		D46716442757929D0041DD14 /* DeepLink.swift */ = {isa = PBXFileReference; fileEncoding = 4; lastKnownFileType = sourcecode.swift; path = DeepLink.swift; sourceTree = "<group>"; };
		D46716452757929D0041DD14 /* Router.swift */ = {isa = PBXFileReference; fileEncoding = 4; lastKnownFileType = sourcecode.swift; path = Router.swift; sourceTree = "<group>"; };
		D467164A275792AD0041DD14 /* UIColor.swift */ = {isa = PBXFileReference; fileEncoding = 4; lastKnownFileType = sourcecode.swift; path = UIColor.swift; sourceTree = "<group>"; };
		D467164C2757B19A0041DD14 /* UITableView.swift */ = {isa = PBXFileReference; lastKnownFileType = sourcecode.swift; path = UITableView.swift; sourceTree = "<group>"; };
		D467164E2757B1BB0041DD14 /* UIView.swift */ = {isa = PBXFileReference; lastKnownFileType = sourcecode.swift; path = UIView.swift; sourceTree = "<group>"; };
		D46716512757B1F60041DD14 /* LaunchCell.swift */ = {isa = PBXFileReference; lastKnownFileType = sourcecode.swift; path = LaunchCell.swift; sourceTree = "<group>"; };
		D46716532757B2410041DD14 /* UILabel.swift */ = {isa = PBXFileReference; lastKnownFileType = sourcecode.swift; path = UILabel.swift; sourceTree = "<group>"; };
		D46716552757B2920041DD14 /* UIFont.swift */ = {isa = PBXFileReference; lastKnownFileType = sourcecode.swift; path = UIFont.swift; sourceTree = "<group>"; };
		D467165C2757D1000041DD14 /* schema.json */ = {isa = PBXFileReference; fileEncoding = 4; lastKnownFileType = text.json; path = schema.json; sourceTree = "<group>"; };
		D467165E2757D2B80041DD14 /* Queries.graphql */ = {isa = PBXFileReference; lastKnownFileType = text; path = Queries.graphql; sourceTree = "<group>"; };
		D46716602757D36B0041DD14 /* API.swift */ = {isa = PBXFileReference; fileEncoding = 4; lastKnownFileType = sourcecode.swift; path = API.swift; sourceTree = "<group>"; };
		D46716622757EC700041DD14 /* Date.swift */ = {isa = PBXFileReference; lastKnownFileType = sourcecode.swift; path = Date.swift; sourceTree = "<group>"; };
		D46716642757ED410041DD14 /* String.swift */ = {isa = PBXFileReference; lastKnownFileType = sourcecode.swift; path = String.swift; sourceTree = "<group>"; };
		D46716662757F2910041DD14 /* UIImageView.swift */ = {isa = PBXFileReference; lastKnownFileType = sourcecode.swift; path = UIImageView.swift; sourceTree = "<group>"; };
		D46716682757F3400041DD14 /* ImageLoader.swift */ = {isa = PBXFileReference; lastKnownFileType = sourcecode.swift; path = ImageLoader.swift; sourceTree = "<group>"; };
/* End PBXFileReference section */

/* Begin PBXFrameworksBuildPhase section */
		D46715FA27578B410041DD14 /* Frameworks */ = {
			isa = PBXFrameworksBuildPhase;
			buildActionMask = 2147483647;
			files = (
				D467165B2757D0660041DD14 /* Apollo in Frameworks */,
			);
			runOnlyForDeploymentPostprocessing = 0;
		};
		D467161027578B440041DD14 /* Frameworks */ = {
			isa = PBXFrameworksBuildPhase;
			buildActionMask = 2147483647;
			files = (
			);
			runOnlyForDeploymentPostprocessing = 0;
		};
		D467161A27578B440041DD14 /* Frameworks */ = {
			isa = PBXFrameworksBuildPhase;
			buildActionMask = 2147483647;
			files = (
			);
			runOnlyForDeploymentPostprocessing = 0;
		};
/* End PBXFrameworksBuildPhase section */

/* Begin PBXGroup section */
		D46715F427578B410041DD14 = {
			isa = PBXGroup;
			children = (
				D46715FF27578B410041DD14 /* SpaceXLaunches */,
				D467161627578B440041DD14 /* SpaceXLaunchesTests */,
				D467162027578B440041DD14 /* SpaceXLaunchesUITests */,
				D46715FE27578B410041DD14 /* Products */,
			);
			sourceTree = "<group>";
		};
		D46715FE27578B410041DD14 /* Products */ = {
			isa = PBXGroup;
			children = (
				D46715FD27578B410041DD14 /* SpaceXLaunches.app */,
				D467161327578B440041DD14 /* SpaceXLaunchesTests.xctest */,
				D467161D27578B440041DD14 /* SpaceXLaunchesUITests.xctest */,
			);
			name = Products;
			sourceTree = "<group>";
		};
		D46715FF27578B410041DD14 /* SpaceXLaunches */ = {
			isa = PBXGroup;
			children = (
				D467160027578B410041DD14 /* AppDelegate.swift */,
				D4671630275791BE0041DD14 /* App */,
				D467163F275792730041DD14 /* Network */,
				D4671642275792900041DD14 /* Helpers */,
				D467160927578B440041DD14 /* Assets.xcassets */,
				D467160B27578B440041DD14 /* LaunchScreen.storyboard */,
				D467160E27578B440041DD14 /* Info.plist */,
			);
			path = SpaceXLaunches;
			sourceTree = "<group>";
		};
		D467161627578B440041DD14 /* SpaceXLaunchesTests */ = {
			isa = PBXGroup;
			children = (
				D467161727578B440041DD14 /* SpaceXLaunchesTests.swift */,
			);
			path = SpaceXLaunchesTests;
			sourceTree = "<group>";
		};
		D467162027578B440041DD14 /* SpaceXLaunchesUITests */ = {
			isa = PBXGroup;
			children = (
				D467162127578B440041DD14 /* SpaceXLaunchesUITests.swift */,
				D467162327578B440041DD14 /* SpaceXLaunchesUITestsLaunchTests.swift */,
			);
			path = SpaceXLaunchesUITests;
			sourceTree = "<group>";
		};
		D4671630275791BE0041DD14 /* App */ = {
			isa = PBXGroup;
			children = (
				D4671631275791D00041DD14 /* AppCoordinator.swift */,
				D4671633275791EE0041DD14 /* AppNavigationController.swift */,
				D4671635275792090041DD14 /* LaunchesList */,
				D467163A275792520041DD14 /* LaunchDetails */,
			);
			path = App;
			sourceTree = "<group>";
		};
		D4671635275792090041DD14 /* LaunchesList */ = {
			isa = PBXGroup;
			children = (
				D46716502757B1DD0041DD14 /* Cells */,
				D4671636275792200041DD14 /* LaunchesListController.swift */,
				D4671637275792200041DD14 /* LaunchesListViewModel.swift */,
			);
			path = LaunchesList;
			sourceTree = "<group>";
		};
		D467163A275792520041DD14 /* LaunchDetails */ = {
			isa = PBXGroup;
			children = (
				D467163C275792680041DD14 /* LaunchDetailsController.swift */,
				D467163B275792680041DD14 /* LaunchDetailsViewModel.swift */,
			);
			path = LaunchDetails;
			sourceTree = "<group>";
		};
		D467163F275792730041DD14 /* Network */ = {
			isa = PBXGroup;
			children = (
				D46716602757D36B0041DD14 /* API.swift */,
				D467165C2757D1000041DD14 /* schema.json */,
				D467165E2757D2B80041DD14 /* Queries.graphql */,
				D4671640275792860041DD14 /* ApiService.swift */,
			);
			path = Network;
			sourceTree = "<group>";
		};
		D4671642275792900041DD14 /* Helpers */ = {
			isa = PBXGroup;
			children = (
				D4671649275792A10041DD14 /* Extensions */,
				D46716432757929D0041DD14 /* Coordinator.swift */,
				D46716442757929D0041DD14 /* DeepLink.swift */,
				D46716452757929D0041DD14 /* Router.swift */,
				D46716682757F3400041DD14 /* ImageLoader.swift */,
			);
			path = Helpers;
			sourceTree = "<group>";
		};
		D4671649275792A10041DD14 /* Extensions */ = {
			isa = PBXGroup;
			children = (
				D467164A275792AD0041DD14 /* UIColor.swift */,
				D467164C2757B19A0041DD14 /* UITableView.swift */,
				D467164E2757B1BB0041DD14 /* UIView.swift */,
				D46716532757B2410041DD14 /* UILabel.swift */,
				D46716552757B2920041DD14 /* UIFont.swift */,
				D46716622757EC700041DD14 /* Date.swift */,
				D46716642757ED410041DD14 /* String.swift */,
				D46716662757F2910041DD14 /* UIImageView.swift */,
			);
			path = Extensions;
			sourceTree = "<group>";
		};
		D46716502757B1DD0041DD14 /* Cells */ = {
			isa = PBXGroup;
			children = (
				D46716512757B1F60041DD14 /* LaunchCell.swift */,
			);
			path = Cells;
			sourceTree = "<group>";
		};
/* End PBXGroup section */

/* Begin PBXNativeTarget section */
		D46715FC27578B410041DD14 /* SpaceXLaunches */ = {
			isa = PBXNativeTarget;
			buildConfigurationList = D467162727578B440041DD14 /* Build configuration list for PBXNativeTarget "SpaceXLaunches" */;
			buildPhases = (
				D46716582757CCD10041DD14 /* Apollo GraphQL */,
				D46715F927578B410041DD14 /* Sources */,
				D46715FA27578B410041DD14 /* Frameworks */,
				D46715FB27578B410041DD14 /* Resources */,
			);
			buildRules = (
			);
			dependencies = (
			);
			name = SpaceXLaunches;
			packageProductDependencies = (
				D467165A2757D0660041DD14 /* Apollo */,
			);
			productName = SpaceXLaunches;
			productReference = D46715FD27578B410041DD14 /* SpaceXLaunches.app */;
			productType = "com.apple.product-type.application";
		};
		D467161227578B440041DD14 /* SpaceXLaunchesTests */ = {
			isa = PBXNativeTarget;
			buildConfigurationList = D467162A27578B440041DD14 /* Build configuration list for PBXNativeTarget "SpaceXLaunchesTests" */;
			buildPhases = (
				D467160F27578B440041DD14 /* Sources */,
				D467161027578B440041DD14 /* Frameworks */,
				D467161127578B440041DD14 /* Resources */,
			);
			buildRules = (
			);
			dependencies = (
				D467161527578B440041DD14 /* PBXTargetDependency */,
			);
			name = SpaceXLaunchesTests;
			productName = SpaceXLaunchesTests;
			productReference = D467161327578B440041DD14 /* SpaceXLaunchesTests.xctest */;
			productType = "com.apple.product-type.bundle.unit-test";
		};
		D467161C27578B440041DD14 /* SpaceXLaunchesUITests */ = {
			isa = PBXNativeTarget;
			buildConfigurationList = D467162D27578B440041DD14 /* Build configuration list for PBXNativeTarget "SpaceXLaunchesUITests" */;
			buildPhases = (
				D467161927578B440041DD14 /* Sources */,
				D467161A27578B440041DD14 /* Frameworks */,
				D467161B27578B440041DD14 /* Resources */,
			);
			buildRules = (
			);
			dependencies = (
				D467161F27578B440041DD14 /* PBXTargetDependency */,
			);
			name = SpaceXLaunchesUITests;
			productName = SpaceXLaunchesUITests;
			productReference = D467161D27578B440041DD14 /* SpaceXLaunchesUITests.xctest */;
			productType = "com.apple.product-type.bundle.ui-testing";
		};
/* End PBXNativeTarget section */

/* Begin PBXProject section */
		D46715F527578B410041DD14 /* Project object */ = {
			isa = PBXProject;
			attributes = {
				BuildIndependentTargetsInParallel = 1;
				LastSwiftUpdateCheck = 1310;
				LastUpgradeCheck = 1310;
				TargetAttributes = {
					D46715FC27578B410041DD14 = {
						CreatedOnToolsVersion = 13.1;
					};
					D467161227578B440041DD14 = {
						CreatedOnToolsVersion = 13.1;
						TestTargetID = D46715FC27578B410041DD14;
					};
					D467161C27578B440041DD14 = {
						CreatedOnToolsVersion = 13.1;
						TestTargetID = D46715FC27578B410041DD14;
					};
				};
			};
			buildConfigurationList = D46715F827578B410041DD14 /* Build configuration list for PBXProject "SpaceXLaunches" */;
			compatibilityVersion = "Xcode 13.0";
			developmentRegion = en;
			hasScannedForEncodings = 0;
			knownRegions = (
				en,
				Base,
			);
			mainGroup = D46715F427578B410041DD14;
			packageReferences = (
				D46716592757D0660041DD14 /* XCRemoteSwiftPackageReference "apollo-ios" */,
			);
			productRefGroup = D46715FE27578B410041DD14 /* Products */;
			projectDirPath = "";
			projectRoot = "";
			targets = (
				D46715FC27578B410041DD14 /* SpaceXLaunches */,
				D467161227578B440041DD14 /* SpaceXLaunchesTests */,
				D467161C27578B440041DD14 /* SpaceXLaunchesUITests */,
			);
		};
/* End PBXProject section */

/* Begin PBXResourcesBuildPhase section */
		D46715FB27578B410041DD14 /* Resources */ = {
			isa = PBXResourcesBuildPhase;
			buildActionMask = 2147483647;
			files = (
				D467160D27578B440041DD14 /* LaunchScreen.storyboard in Resources */,
				D467165D2757D1000041DD14 /* schema.json in Resources */,
				D467165F2757D2B80041DD14 /* Queries.graphql in Resources */,
				D467160A27578B440041DD14 /* Assets.xcassets in Resources */,
			);
			runOnlyForDeploymentPostprocessing = 0;
		};
		D467161127578B440041DD14 /* Resources */ = {
			isa = PBXResourcesBuildPhase;
			buildActionMask = 2147483647;
			files = (
			);
			runOnlyForDeploymentPostprocessing = 0;
		};
		D467161B27578B440041DD14 /* Resources */ = {
			isa = PBXResourcesBuildPhase;
			buildActionMask = 2147483647;
			files = (
			);
			runOnlyForDeploymentPostprocessing = 0;
		};
/* End PBXResourcesBuildPhase section */

/* Begin PBXShellScriptBuildPhase section */
		D46716582757CCD10041DD14 /* Apollo GraphQL */ = {
			isa = PBXShellScriptBuildPhase;
			buildActionMask = 2147483647;
			files = (
			);
			inputFileListPaths = (
			);
			inputPaths = (
			);
			name = "Apollo GraphQL";
			outputFileListPaths = (
			);
			outputPaths = (
			);
			runOnlyForDeploymentPostprocessing = 0;
			shellPath = /bin/sh;
			shellScript = "# Don't run this during index builds\nif [ $ACTION = \"indexbuild\" ]; then exit 0; fi\n\n# Go to the build root and search up the chain to find the Derived Data Path where the source packages are checked out.\nDERIVED_DATA_CANDIDATE=\"${BUILD_ROOT}\"\n\nwhile ! [ -d \"${DERIVED_DATA_CANDIDATE}/SourcePackages\" ]; do\n  if [ \"${DERIVED_DATA_CANDIDATE}\" = / ]; then\n    echo >&2 \"error: Unable to locate SourcePackages directory from BUILD_ROOT: '${BUILD_ROOT}'\"\n    exit 1\n  fi\n\n  DERIVED_DATA_CANDIDATE=\"$(dirname \"${DERIVED_DATA_CANDIDATE}\")\"\ndone\n\n# Grab a reference to the directory where scripts are checked out\nSCRIPT_PATH=\"${DERIVED_DATA_CANDIDATE}/SourcePackages/checkouts/apollo-ios/scripts\"\n\nif [ -z \"${SCRIPT_PATH}\" ]; then\n    echo >&2 \"error: Couldn't find the CLI script in your checked out SPM packages; make sure to add the framework to your project.\"\n    exit 1\nfi\n\ncd \"${SRCROOT}/${TARGET_NAME}\"\n\"${SCRIPT_PATH}\"/run-bundled-codegen.sh codegen:generate --target=swift --includes=./**/*.graphql --localSchemaFile=\"Network/schema.json\" \"Network/API.swift\"\n#\"${SCRIPT_PATH}\"/run-bundled-codegen.sh schema:download --endpoint=\"https://api.spacex.land/graphql\"\n\n";
		};
/* End PBXShellScriptBuildPhase section */

/* Begin PBXSourcesBuildPhase section */
		D46715F927578B410041DD14 /* Sources */ = {
			isa = PBXSourcesBuildPhase;
			buildActionMask = 2147483647;
			files = (
				D46716482757929D0041DD14 /* Router.swift in Sources */,
				D46716562757B2920041DD14 /* UIFont.swift in Sources */,
				D46716652757ED410041DD14 /* String.swift in Sources */,
				D467164B275792AD0041DD14 /* UIColor.swift in Sources */,
				D467163E275792680041DD14 /* LaunchDetailsController.swift in Sources */,
				D4671634275791EE0041DD14 /* AppNavigationController.swift in Sources */,
				D4671639275792200041DD14 /* LaunchesListViewModel.swift in Sources */,
				D4671632275791D00041DD14 /* AppCoordinator.swift in Sources */,
				D46716542757B2410041DD14 /* UILabel.swift in Sources */,
				D4671638275792200041DD14 /* LaunchesListController.swift in Sources */,
				D4671641275792860041DD14 /* ApiService.swift in Sources */,
				D46716522757B1F60041DD14 /* LaunchCell.swift in Sources */,
				D467163D275792680041DD14 /* LaunchDetailsViewModel.swift in Sources */,
				D46716472757929D0041DD14 /* DeepLink.swift in Sources */,
				D467164F2757B1BB0041DD14 /* UIView.swift in Sources */,
				D467164D2757B19A0041DD14 /* UITableView.swift in Sources */,
				D46716692757F3400041DD14 /* ImageLoader.swift in Sources */,
				D46716672757F2910041DD14 /* UIImageView.swift in Sources */,
				D467160127578B410041DD14 /* AppDelegate.swift in Sources */,
				D46716632757EC700041DD14 /* Date.swift in Sources */,
				D46716612757D36B0041DD14 /* API.swift in Sources */,
				D46716462757929D0041DD14 /* Coordinator.swift in Sources */,
			);
			runOnlyForDeploymentPostprocessing = 0;
		};
		D467160F27578B440041DD14 /* Sources */ = {
			isa = PBXSourcesBuildPhase;
			buildActionMask = 2147483647;
			files = (
				D467161827578B440041DD14 /* SpaceXLaunchesTests.swift in Sources */,
			);
			runOnlyForDeploymentPostprocessing = 0;
		};
		D467161927578B440041DD14 /* Sources */ = {
			isa = PBXSourcesBuildPhase;
			buildActionMask = 2147483647;
			files = (
				D467162227578B440041DD14 /* SpaceXLaunchesUITests.swift in Sources */,
				D467162427578B440041DD14 /* SpaceXLaunchesUITestsLaunchTests.swift in Sources */,
			);
			runOnlyForDeploymentPostprocessing = 0;
		};
/* End PBXSourcesBuildPhase section */

/* Begin PBXTargetDependency section */
		D467161527578B440041DD14 /* PBXTargetDependency */ = {
			isa = PBXTargetDependency;
			target = D46715FC27578B410041DD14 /* SpaceXLaunches */;
			targetProxy = D467161427578B440041DD14 /* PBXContainerItemProxy */;
		};
		D467161F27578B440041DD14 /* PBXTargetDependency */ = {
			isa = PBXTargetDependency;
			target = D46715FC27578B410041DD14 /* SpaceXLaunches */;
			targetProxy = D467161E27578B440041DD14 /* PBXContainerItemProxy */;
		};
/* End PBXTargetDependency section */

/* Begin PBXVariantGroup section */
		D467160B27578B440041DD14 /* LaunchScreen.storyboard */ = {
			isa = PBXVariantGroup;
			children = (
				D467160C27578B440041DD14 /* Base */,
			);
			name = LaunchScreen.storyboard;
			sourceTree = "<group>";
		};
/* End PBXVariantGroup section */

/* Begin XCBuildConfiguration section */
		D467162527578B440041DD14 /* Debug */ = {
			isa = XCBuildConfiguration;
			buildSettings = {
				ALWAYS_SEARCH_USER_PATHS = NO;
				CLANG_ANALYZER_NONNULL = YES;
				CLANG_ANALYZER_NUMBER_OBJECT_CONVERSION = YES_AGGRESSIVE;
				CLANG_CXX_LANGUAGE_STANDARD = "gnu++17";
				CLANG_CXX_LIBRARY = "libc++";
				CLANG_ENABLE_MODULES = YES;
				CLANG_ENABLE_OBJC_ARC = YES;
				CLANG_ENABLE_OBJC_WEAK = YES;
				CLANG_WARN_BLOCK_CAPTURE_AUTORELEASING = YES;
				CLANG_WARN_BOOL_CONVERSION = YES;
				CLANG_WARN_COMMA = YES;
				CLANG_WARN_CONSTANT_CONVERSION = YES;
				CLANG_WARN_DEPRECATED_OBJC_IMPLEMENTATIONS = YES;
				CLANG_WARN_DIRECT_OBJC_ISA_USAGE = YES_ERROR;
				CLANG_WARN_DOCUMENTATION_COMMENTS = YES;
				CLANG_WARN_EMPTY_BODY = YES;
				CLANG_WARN_ENUM_CONVERSION = YES;
				CLANG_WARN_INFINITE_RECURSION = YES;
				CLANG_WARN_INT_CONVERSION = YES;
				CLANG_WARN_NON_LITERAL_NULL_CONVERSION = YES;
				CLANG_WARN_OBJC_IMPLICIT_RETAIN_SELF = YES;
				CLANG_WARN_OBJC_LITERAL_CONVERSION = YES;
				CLANG_WARN_OBJC_ROOT_CLASS = YES_ERROR;
				CLANG_WARN_QUOTED_INCLUDE_IN_FRAMEWORK_HEADER = YES;
				CLANG_WARN_RANGE_LOOP_ANALYSIS = YES;
				CLANG_WARN_STRICT_PROTOTYPES = YES;
				CLANG_WARN_SUSPICIOUS_MOVE = YES;
				CLANG_WARN_UNGUARDED_AVAILABILITY = YES_AGGRESSIVE;
				CLANG_WARN_UNREACHABLE_CODE = YES;
				CLANG_WARN__DUPLICATE_METHOD_MATCH = YES;
				COPY_PHASE_STRIP = NO;
				DEBUG_INFORMATION_FORMAT = dwarf;
				ENABLE_STRICT_OBJC_MSGSEND = YES;
				ENABLE_TESTABILITY = YES;
				GCC_C_LANGUAGE_STANDARD = gnu11;
				GCC_DYNAMIC_NO_PIC = NO;
				GCC_NO_COMMON_BLOCKS = YES;
				GCC_OPTIMIZATION_LEVEL = 0;
				GCC_PREPROCESSOR_DEFINITIONS = (
					"DEBUG=1",
					"$(inherited)",
				);
				GCC_WARN_64_TO_32_BIT_CONVERSION = YES;
				GCC_WARN_ABOUT_RETURN_TYPE = YES_ERROR;
				GCC_WARN_UNDECLARED_SELECTOR = YES;
				GCC_WARN_UNINITIALIZED_AUTOS = YES_AGGRESSIVE;
				GCC_WARN_UNUSED_FUNCTION = YES;
				GCC_WARN_UNUSED_VARIABLE = YES;
				IPHONEOS_DEPLOYMENT_TARGET = 15.0;
				MTL_ENABLE_DEBUG_INFO = INCLUDE_SOURCE;
				MTL_FAST_MATH = YES;
				ONLY_ACTIVE_ARCH = YES;
				SDKROOT = iphoneos;
				SWIFT_ACTIVE_COMPILATION_CONDITIONS = DEBUG;
				SWIFT_OPTIMIZATION_LEVEL = "-Onone";
			};
			name = Debug;
		};
		D467162627578B440041DD14 /* Release */ = {
			isa = XCBuildConfiguration;
			buildSettings = {
				ALWAYS_SEARCH_USER_PATHS = NO;
				CLANG_ANALYZER_NONNULL = YES;
				CLANG_ANALYZER_NUMBER_OBJECT_CONVERSION = YES_AGGRESSIVE;
				CLANG_CXX_LANGUAGE_STANDARD = "gnu++17";
				CLANG_CXX_LIBRARY = "libc++";
				CLANG_ENABLE_MODULES = YES;
				CLANG_ENABLE_OBJC_ARC = YES;
				CLANG_ENABLE_OBJC_WEAK = YES;
				CLANG_WARN_BLOCK_CAPTURE_AUTORELEASING = YES;
				CLANG_WARN_BOOL_CONVERSION = YES;
				CLANG_WARN_COMMA = YES;
				CLANG_WARN_CONSTANT_CONVERSION = YES;
				CLANG_WARN_DEPRECATED_OBJC_IMPLEMENTATIONS = YES;
				CLANG_WARN_DIRECT_OBJC_ISA_USAGE = YES_ERROR;
				CLANG_WARN_DOCUMENTATION_COMMENTS = YES;
				CLANG_WARN_EMPTY_BODY = YES;
				CLANG_WARN_ENUM_CONVERSION = YES;
				CLANG_WARN_INFINITE_RECURSION = YES;
				CLANG_WARN_INT_CONVERSION = YES;
				CLANG_WARN_NON_LITERAL_NULL_CONVERSION = YES;
				CLANG_WARN_OBJC_IMPLICIT_RETAIN_SELF = YES;
				CLANG_WARN_OBJC_LITERAL_CONVERSION = YES;
				CLANG_WARN_OBJC_ROOT_CLASS = YES_ERROR;
				CLANG_WARN_QUOTED_INCLUDE_IN_FRAMEWORK_HEADER = YES;
				CLANG_WARN_RANGE_LOOP_ANALYSIS = YES;
				CLANG_WARN_STRICT_PROTOTYPES = YES;
				CLANG_WARN_SUSPICIOUS_MOVE = YES;
				CLANG_WARN_UNGUARDED_AVAILABILITY = YES_AGGRESSIVE;
				CLANG_WARN_UNREACHABLE_CODE = YES;
				CLANG_WARN__DUPLICATE_METHOD_MATCH = YES;
				COPY_PHASE_STRIP = NO;
				DEBUG_INFORMATION_FORMAT = "dwarf-with-dsym";
				ENABLE_NS_ASSERTIONS = NO;
				ENABLE_STRICT_OBJC_MSGSEND = YES;
				GCC_C_LANGUAGE_STANDARD = gnu11;
				GCC_NO_COMMON_BLOCKS = YES;
				GCC_WARN_64_TO_32_BIT_CONVERSION = YES;
				GCC_WARN_ABOUT_RETURN_TYPE = YES_ERROR;
				GCC_WARN_UNDECLARED_SELECTOR = YES;
				GCC_WARN_UNINITIALIZED_AUTOS = YES_AGGRESSIVE;
				GCC_WARN_UNUSED_FUNCTION = YES;
				GCC_WARN_UNUSED_VARIABLE = YES;
				IPHONEOS_DEPLOYMENT_TARGET = 15.0;
				MTL_ENABLE_DEBUG_INFO = NO;
				MTL_FAST_MATH = YES;
				SDKROOT = iphoneos;
				SWIFT_COMPILATION_MODE = wholemodule;
				SWIFT_OPTIMIZATION_LEVEL = "-O";
				VALIDATE_PRODUCT = YES;
			};
			name = Release;
		};
		D467162827578B440041DD14 /* Debug */ = {
			isa = XCBuildConfiguration;
			buildSettings = {
				ASSETCATALOG_COMPILER_APPICON_NAME = AppIcon;
				ASSETCATALOG_COMPILER_GLOBAL_ACCENT_COLOR_NAME = AccentColor;
				CODE_SIGN_STYLE = Automatic;
				CURRENT_PROJECT_VERSION = 1;
				DEVELOPMENT_TEAM = 92BZBPJ432;
				GENERATE_INFOPLIST_FILE = YES;
				INFOPLIST_FILE = SpaceXLaunches/Info.plist;
				INFOPLIST_KEY_UIApplicationSupportsIndirectInputEvents = YES;
				INFOPLIST_KEY_UILaunchStoryboardName = LaunchScreen;
				INFOPLIST_KEY_UISupportedInterfaceOrientations_iPad = "UIInterfaceOrientationPortrait UIInterfaceOrientationPortraitUpsideDown UIInterfaceOrientationLandscapeLeft UIInterfaceOrientationLandscapeRight";
				INFOPLIST_KEY_UISupportedInterfaceOrientations_iPhone = "UIInterfaceOrientationPortrait UIInterfaceOrientationLandscapeLeft UIInterfaceOrientationLandscapeRight";
				LD_RUNPATH_SEARCH_PATHS = (
					"$(inherited)",
					"@executable_path/Frameworks",
				);
				MARKETING_VERSION = 1.0;
				PRODUCT_BUNDLE_IDENTIFIER = maxenceChantome.SpaceXLaunches;
				PRODUCT_NAME = "$(TARGET_NAME)";
				SWIFT_EMIT_LOC_STRINGS = YES;
				SWIFT_VERSION = 5.0;
				TARGETED_DEVICE_FAMILY = "1,2";
			};
			name = Debug;
		};
		D467162927578B440041DD14 /* Release */ = {
			isa = XCBuildConfiguration;
			buildSettings = {
				ASSETCATALOG_COMPILER_APPICON_NAME = AppIcon;
				ASSETCATALOG_COMPILER_GLOBAL_ACCENT_COLOR_NAME = AccentColor;
				CODE_SIGN_STYLE = Automatic;
				CURRENT_PROJECT_VERSION = 1;
				DEVELOPMENT_TEAM = 92BZBPJ432;
				GENERATE_INFOPLIST_FILE = YES;
				INFOPLIST_FILE = SpaceXLaunches/Info.plist;
				INFOPLIST_KEY_UIApplicationSupportsIndirectInputEvents = YES;
				INFOPLIST_KEY_UILaunchStoryboardName = LaunchScreen;
				INFOPLIST_KEY_UISupportedInterfaceOrientations_iPad = "UIInterfaceOrientationPortrait UIInterfaceOrientationPortraitUpsideDown UIInterfaceOrientationLandscapeLeft UIInterfaceOrientationLandscapeRight";
				INFOPLIST_KEY_UISupportedInterfaceOrientations_iPhone = "UIInterfaceOrientationPortrait UIInterfaceOrientationLandscapeLeft UIInterfaceOrientationLandscapeRight";
				LD_RUNPATH_SEARCH_PATHS = (
					"$(inherited)",
					"@executable_path/Frameworks",
				);
				MARKETING_VERSION = 1.0;
				PRODUCT_BUNDLE_IDENTIFIER = maxenceChantome.SpaceXLaunches;
				PRODUCT_NAME = "$(TARGET_NAME)";
				SWIFT_EMIT_LOC_STRINGS = YES;
				SWIFT_VERSION = 5.0;
				TARGETED_DEVICE_FAMILY = "1,2";
			};
			name = Release;
		};
		D467162B27578B440041DD14 /* Debug */ = {
			isa = XCBuildConfiguration;
			buildSettings = {
				ALWAYS_EMBED_SWIFT_STANDARD_LIBRARIES = YES;
				BUNDLE_LOADER = "$(TEST_HOST)";
				CODE_SIGN_STYLE = Automatic;
				CURRENT_PROJECT_VERSION = 1;
				DEVELOPMENT_TEAM = 92BZBPJ432;
				GENERATE_INFOPLIST_FILE = YES;
				IPHONEOS_DEPLOYMENT_TARGET = 15.0;
				LD_RUNPATH_SEARCH_PATHS = (
					"$(inherited)",
					"@executable_path/Frameworks",
					"@loader_path/Frameworks",
				);
				MARKETING_VERSION = 1.0;
				PRODUCT_BUNDLE_IDENTIFIER = maxenceChantome.SpaceXLaunchesTests;
				PRODUCT_NAME = "$(TARGET_NAME)";
				SWIFT_EMIT_LOC_STRINGS = NO;
				SWIFT_VERSION = 5.0;
				TARGETED_DEVICE_FAMILY = "1,2";
				TEST_HOST = "$(BUILT_PRODUCTS_DIR)/SpaceXLaunches.app/SpaceXLaunches";
			};
			name = Debug;
		};
		D467162C27578B440041DD14 /* Release */ = {
			isa = XCBuildConfiguration;
			buildSettings = {
				ALWAYS_EMBED_SWIFT_STANDARD_LIBRARIES = YES;
				BUNDLE_LOADER = "$(TEST_HOST)";
				CODE_SIGN_STYLE = Automatic;
				CURRENT_PROJECT_VERSION = 1;
				DEVELOPMENT_TEAM = 92BZBPJ432;
				GENERATE_INFOPLIST_FILE = YES;
				IPHONEOS_DEPLOYMENT_TARGET = 15.0;
				LD_RUNPATH_SEARCH_PATHS = (
					"$(inherited)",
					"@executable_path/Frameworks",
					"@loader_path/Frameworks",
				);
				MARKETING_VERSION = 1.0;
				PRODUCT_BUNDLE_IDENTIFIER = maxenceChantome.SpaceXLaunchesTests;
				PRODUCT_NAME = "$(TARGET_NAME)";
				SWIFT_EMIT_LOC_STRINGS = NO;
				SWIFT_VERSION = 5.0;
				TARGETED_DEVICE_FAMILY = "1,2";
				TEST_HOST = "$(BUILT_PRODUCTS_DIR)/SpaceXLaunches.app/SpaceXLaunches";
			};
			name = Release;
		};
		D467162E27578B440041DD14 /* Debug */ = {
			isa = XCBuildConfiguration;
			buildSettings = {
				ALWAYS_EMBED_SWIFT_STANDARD_LIBRARIES = YES;
				CODE_SIGN_STYLE = Automatic;
				CURRENT_PROJECT_VERSION = 1;
				DEVELOPMENT_TEAM = 92BZBPJ432;
				GENERATE_INFOPLIST_FILE = YES;
				LD_RUNPATH_SEARCH_PATHS = (
					"$(inherited)",
					"@executable_path/Frameworks",
					"@loader_path/Frameworks",
				);
				MARKETING_VERSION = 1.0;
				PRODUCT_BUNDLE_IDENTIFIER = maxenceChantome.SpaceXLaunchesUITests;
				PRODUCT_NAME = "$(TARGET_NAME)";
				SWIFT_EMIT_LOC_STRINGS = NO;
				SWIFT_VERSION = 5.0;
				TARGETED_DEVICE_FAMILY = "1,2";
				TEST_TARGET_NAME = SpaceXLaunches;
			};
			name = Debug;
		};
		D467162F27578B440041DD14 /* Release */ = {
			isa = XCBuildConfiguration;
			buildSettings = {
				ALWAYS_EMBED_SWIFT_STANDARD_LIBRARIES = YES;
				CODE_SIGN_STYLE = Automatic;
				CURRENT_PROJECT_VERSION = 1;
				DEVELOPMENT_TEAM = 92BZBPJ432;
				GENERATE_INFOPLIST_FILE = YES;
				LD_RUNPATH_SEARCH_PATHS = (
					"$(inherited)",
					"@executable_path/Frameworks",
					"@loader_path/Frameworks",
				);
				MARKETING_VERSION = 1.0;
				PRODUCT_BUNDLE_IDENTIFIER = maxenceChantome.SpaceXLaunchesUITests;
				PRODUCT_NAME = "$(TARGET_NAME)";
				SWIFT_EMIT_LOC_STRINGS = NO;
				SWIFT_VERSION = 5.0;
				TARGETED_DEVICE_FAMILY = "1,2";
				TEST_TARGET_NAME = SpaceXLaunches;
			};
			name = Release;
		};
/* End XCBuildConfiguration section */

/* Begin XCConfigurationList section */
		D46715F827578B410041DD14 /* Build configuration list for PBXProject "SpaceXLaunches" */ = {
			isa = XCConfigurationList;
			buildConfigurations = (
				D467162527578B440041DD14 /* Debug */,
				D467162627578B440041DD14 /* Release */,
			);
			defaultConfigurationIsVisible = 0;
			defaultConfigurationName = Release;
		};
		D467162727578B440041DD14 /* Build configuration list for PBXNativeTarget "SpaceXLaunches" */ = {
			isa = XCConfigurationList;
			buildConfigurations = (
				D467162827578B440041DD14 /* Debug */,
				D467162927578B440041DD14 /* Release */,
			);
			defaultConfigurationIsVisible = 0;
			defaultConfigurationName = Release;
		};
		D467162A27578B440041DD14 /* Build configuration list for PBXNativeTarget "SpaceXLaunchesTests" */ = {
			isa = XCConfigurationList;
			buildConfigurations = (
				D467162B27578B440041DD14 /* Debug */,
				D467162C27578B440041DD14 /* Release */,
			);
			defaultConfigurationIsVisible = 0;
			defaultConfigurationName = Release;
		};
		D467162D27578B440041DD14 /* Build configuration list for PBXNativeTarget "SpaceXLaunchesUITests" */ = {
			isa = XCConfigurationList;
			buildConfigurations = (
				D467162E27578B440041DD14 /* Debug */,
				D467162F27578B440041DD14 /* Release */,
			);
			defaultConfigurationIsVisible = 0;
			defaultConfigurationName = Release;
		};
/* End XCConfigurationList section */

/* Begin XCRemoteSwiftPackageReference section */
		D46716592757D0660041DD14 /* XCRemoteSwiftPackageReference "apollo-ios" */ = {
			isa = XCRemoteSwiftPackageReference;
			repositoryURL = "https://github.com/apollographql/apollo-ios";
			requirement = {
				kind = upToNextMajorVersion;
				minimumVersion = 0.3.0;
			};
		};
/* End XCRemoteSwiftPackageReference section */

/* Begin XCSwiftPackageProductDependency section */
		D467165A2757D0660041DD14 /* Apollo */ = {
			isa = XCSwiftPackageProductDependency;
			package = D46716592757D0660041DD14 /* XCRemoteSwiftPackageReference "apollo-ios" */;
			productName = Apollo;
		};
/* End XCSwiftPackageProductDependency section */
	};
	rootObject = D46715F527578B410041DD14 /* Project object */;
}
